
Microsoft Visual Studio Solution File, Format Version 12.00
# Visual Studio 14
VisualStudioVersion = 14.0.25420.1
MinimumVisualStudioVersion = 10.0.40219.1
Project("{8BC9CEB8-8B4A-11D0-8D11-00A0C91BC942}") = "HJSCSI", "HJSCSI\HJSCSI.vcxproj", "{F3EC87D4-D9A9-4842-BF4F-72542FE8E674}"
EndProject
Project("{8BC9CEB8-8B4A-11D0-8D11-00A0C91BC942}") = "HJSTOR", "HJSTOR\HJSTOR.vcxproj", "{B53A2BDF-83F6-4708-AFC4-83593B88F1DA}"
EndProject
Project("{8BC9CEB8-8B4A-11D0-8D11-00A0C91BC942}") = "scsipassthrough", "scsipassthrough\scsipassthrough.vcxproj", "{C4B86CB6-5849-4C18-B079-22F072374183}"
EndProject
Project("{8BC9CEB8-8B4A-11D0-8D11-00A0C91BC942}") = "MSAHCI", "MSAHCI\MSAHCI.vcxproj", "{551F4549-5F8D-4B59-9E63-06FD970A09A4}"
EndProject
Global
	GlobalSection(SolutionConfigurationPlatforms) = preSolution
		Debug|ARM = Debug|ARM
		Debug|ARM64 = Debug|ARM64
		Debug|x64 = Debug|x64
		Debug|x86 = Debug|x86
		Release|ARM = Release|ARM
		Release|ARM64 = Release|ARM64
		Release|x64 = Release|x64
		Release|x86 = Release|x86
	EndGlobalSection
	GlobalSection(ProjectConfigurationPlatforms) = postSolution
		{F3EC87D4-D9A9-4842-BF4F-72542FE8E674}.Debug|ARM.ActiveCfg = Debug|ARM
		{F3EC87D4-D9A9-4842-BF4F-72542FE8E674}.Debug|ARM.Build.0 = Debug|ARM
		{F3EC87D4-D9A9-4842-BF4F-72542FE8E674}.Debug|ARM.Deploy.0 = Debug|ARM
		{F3EC87D4-D9A9-4842-BF4F-72542FE8E674}.Debug|ARM64.ActiveCfg = Debug|ARM64
		{F3EC87D4-D9A9-4842-BF4F-72542FE8E674}.Debug|ARM64.Build.0 = Debug|ARM64
		{F3EC87D4-D9A9-4842-BF4F-72542FE8E674}.Debug|ARM64.Deploy.0 = Debug|ARM64
		{F3EC87D4-D9A9-4842-BF4F-72542FE8E674}.Debug|x64.ActiveCfg = Debug|x64
		{F3EC87D4-D9A9-4842-BF4F-72542FE8E674}.Debug|x64.Build.0 = Debug|x64
		{F3EC87D4-D9A9-4842-BF4F-72542FE8E674}.Debug|x64.Deploy.0 = Debug|x64
		{F3EC87D4-D9A9-4842-BF4F-72542FE8E674}.Debug|x86.ActiveCfg = Debug|Win32
		{F3EC87D4-D9A9-4842-BF4F-72542FE8E674}.Debug|x86.Build.0 = Debug|Win32
		{F3EC87D4-D9A9-4842-BF4F-72542FE8E674}.Debug|x86.Deploy.0 = Debug|Win32
		{F3EC87D4-D9A9-4842-BF4F-72542FE8E674}.Release|ARM.ActiveCfg = Release|ARM
		{F3EC87D4-D9A9-4842-BF4F-72542FE8E674}.Release|ARM.Build.0 = Release|ARM
		{F3EC87D4-D9A9-4842-BF4F-72542FE8E674}.Release|ARM.Deploy.0 = Release|ARM
		{F3EC87D4-D9A9-4842-BF4F-72542FE8E674}.Release|ARM64.ActiveCfg = Release|ARM64
		{F3EC87D4-D9A9-4842-BF4F-72542FE8E674}.Release|ARM64.Build.0 = Release|ARM64
		{F3EC87D4-D9A9-4842-BF4F-72542FE8E674}.Release|ARM64.Deploy.0 = Release|ARM64
		{F3EC87D4-D9A9-4842-BF4F-72542FE8E674}.Release|x64.ActiveCfg = Release|x64
		{F3EC87D4-D9A9-4842-BF4F-72542FE8E674}.Release|x64.Build.0 = Release|x64
		{F3EC87D4-D9A9-4842-BF4F-72542FE8E674}.Release|x64.Deploy.0 = Release|x64
		{F3EC87D4-D9A9-4842-BF4F-72542FE8E674}.Release|x86.ActiveCfg = Release|Win32
		{F3EC87D4-D9A9-4842-BF4F-72542FE8E674}.Release|x86.Build.0 = Release|Win32
		{F3EC87D4-D9A9-4842-BF4F-72542FE8E674}.Release|x86.Deploy.0 = Release|Win32
		{B53A2BDF-83F6-4708-AFC4-83593B88F1DA}.Debug|ARM.ActiveCfg = Debug|ARM
		{B53A2BDF-83F6-4708-AFC4-83593B88F1DA}.Debug|ARM.Build.0 = Debug|ARM
		{B53A2BDF-83F6-4708-AFC4-83593B88F1DA}.Debug|ARM.Deploy.0 = Debug|ARM
		{B53A2BDF-83F6-4708-AFC4-83593B88F1DA}.Debug|ARM64.ActiveCfg = Debug|ARM64
		{B53A2BDF-83F6-4708-AFC4-83593B88F1DA}.Debug|ARM64.Build.0 = Debug|ARM64
		{B53A2BDF-83F6-4708-AFC4-83593B88F1DA}.Debug|ARM64.Deploy.0 = Debug|ARM64
		{B53A2BDF-83F6-4708-AFC4-83593B88F1DA}.Debug|x64.ActiveCfg = Debug|x64
		{B53A2BDF-83F6-4708-AFC4-83593B88F1DA}.Debug|x64.Build.0 = Debug|x64
		{B53A2BDF-83F6-4708-AFC4-83593B88F1DA}.Debug|x64.Deploy.0 = Debug|x64
		{B53A2BDF-83F6-4708-AFC4-83593B88F1DA}.Debug|x86.ActiveCfg = Debug|Win32
		{B53A2BDF-83F6-4708-AFC4-83593B88F1DA}.Debug|x86.Build.0 = Debug|Win32
		{B53A2BDF-83F6-4708-AFC4-83593B88F1DA}.Debug|x86.Deploy.0 = Debug|Win32
		{B53A2BDF-83F6-4708-AFC4-83593B88F1DA}.Release|ARM.ActiveCfg = Release|ARM
		{B53A2BDF-83F6-4708-AFC4-83593B88F1DA}.Release|ARM.Build.0 = Release|ARM
		{B53A2BDF-83F6-4708-AFC4-83593B88F1DA}.Release|ARM.Deploy.0 = Release|ARM
		{B53A2BDF-83F6-4708-AFC4-83593B88F1DA}.Release|ARM64.ActiveCfg = Release|ARM64
		{B53A2BDF-83F6-4708-AFC4-83593B88F1DA}.Release|ARM64.Build.0 = Release|ARM64
		{B53A2BDF-83F6-4708-AFC4-83593B88F1DA}.Release|ARM64.Deploy.0 = Release|ARM64
		{B53A2BDF-83F6-4708-AFC4-83593B88F1DA}.Release|x64.ActiveCfg = Release|x64
		{B53A2BDF-83F6-4708-AFC4-83593B88F1DA}.Release|x64.Build.0 = Release|x64
		{B53A2BDF-83F6-4708-AFC4-83593B88F1DA}.Release|x64.Deploy.0 = Release|x64
		{B53A2BDF-83F6-4708-AFC4-83593B88F1DA}.Release|x86.ActiveCfg = Release|Win32
		{B53A2BDF-83F6-4708-AFC4-83593B88F1DA}.Release|x86.Build.0 = Release|Win32
		{B53A2BDF-83F6-4708-AFC4-83593B88F1DA}.Release|x86.Deploy.0 = Release|Win32
		{C4B86CB6-5849-4C18-B079-22F072374183}.Debug|ARM.ActiveCfg = Debug|Win32
		{C4B86CB6-5849-4C18-B079-22F072374183}.Debug|ARM64.ActiveCfg = Debug|Win32
		{C4B86CB6-5849-4C18-B079-22F072374183}.Debug|x64.ActiveCfg = Debug|x64
		{C4B86CB6-5849-4C18-B079-22F072374183}.Debug|x64.Build.0 = Debug|x64
		{C4B86CB6-5849-4C18-B079-22F072374183}.Debug|x86.ActiveCfg = Debug|Win32
		{C4B86CB6-5849-4C18-B079-22F072374183}.Debug|x86.Build.0 = Debug|Win32
		{C4B86CB6-5849-4C18-B079-22F072374183}.Release|ARM.ActiveCfg = Release|Win32
		{C4B86CB6-5849-4C18-B079-22F072374183}.Release|ARM64.ActiveCfg = Release|Win32
		{C4B86CB6-5849-4C18-B079-22F072374183}.Release|x64.ActiveCfg = Release|x64
		{C4B86CB6-5849-4C18-B079-22F072374183}.Release|x64.Build.0 = Release|x64
		{C4B86CB6-5849-4C18-B079-22F072374183}.Release|x86.ActiveCfg = Release|Win32
		{C4B86CB6-5849-4C18-B079-22F072374183}.Release|x86.Build.0 = Release|Win32
		{551F4549-5F8D-4B59-9E63-06FD970A09A4}.Debug|ARM.ActiveCfg = Debug|ARM
		{551F4549-5F8D-4B59-9E63-06FD970A09A4}.Debug|ARM.Build.0 = Debug|ARM
		{551F4549-5F8D-4B59-9E63-06FD970A09A4}.Debug|ARM.Deploy.0 = Debug|ARM
		{551F4549-5F8D-4B59-9E63-06FD970A09A4}.Debug|ARM64.ActiveCfg = Debug|ARM64
		{551F4549-5F8D-4B59-9E63-06FD970A09A4}.Debug|ARM64.Build.0 = Debug|ARM64
		{551F4549-5F8D-4B59-9E63-06FD970A09A4}.Debug|ARM64.Deploy.0 = Debug|ARM64
		{551F4549-5F8D-4B59-9E63-06FD970A09A4}.Debug|x64.ActiveCfg = Debug|x64
		{551F4549-5F8D-4B59-9E63-06FD970A09A4}.Debug|x64.Build.0 = Debug|x64
		{551F4549-5F8D-4B59-9E63-06FD970A09A4}.Debug|x64.Deploy.0 = Debug|x64
		{551F4549-5F8D-4B59-9E63-06FD970A09A4}.Debug|x86.ActiveCfg = Debug|Win32
		{551F4549-5F8D-4B59-9E63-06FD970A09A4}.Debug|x86.Build.0 = Debug|Win32
		{551F4549-5F8D-4B59-9E63-06FD970A09A4}.Debug|x86.Deploy.0 = Debug|Win32
		{551F4549-5F8D-4B59-9E63-06FD970A09A4}.Release|ARM.ActiveCfg = Release|ARM
		{551F4549-5F8D-4B59-9E63-06FD970A09A4}.Release|ARM.Build.0 = Release|ARM
		{551F4549-5F8D-4B59-9E63-06FD970A09A4}.Release|ARM.Deploy.0 = Release|ARM
		{551F4549-5F8D-4B59-9E63-06FD970A09A4}.Release|ARM64.ActiveCfg = Release|ARM64
		{551F4549-5F8D-4B59-9E63-06FD970A09A4}.Release|ARM64.Build.0 = Release|ARM64
		{551F4549-5F8D-4B59-9E63-06FD970A09A4}.Release|ARM64.Deploy.0 = Release|ARM64
		{551F4549-5F8D-4B59-9E63-06FD970A09A4}.Release|x64.ActiveCfg = Release|x64
		{551F4549-5F8D-4B59-9E63-06FD970A09A4}.Release|x64.Build.0 = Release|x64
		{551F4549-5F8D-4B59-9E63-06FD970A09A4}.Release|x64.Deploy.0 = Release|x64
		{551F4549-5F8D-4B59-9E63-06FD970A09A4}.Release|x86.ActiveCfg = Release|Win32
		{551F4549-5F8D-4B59-9E63-06FD970A09A4}.Release|x86.Build.0 = Release|Win32
		{551F4549-5F8D-4B59-9E63-06FD970A09A4}.Release|x86.Deploy.0 = Release|Win32
	EndGlobalSection
	GlobalSection(SolutionProperties) = preSolution
		HideSolutionNode = FALSE
	EndGlobalSection
EndGlobal
