
Microsoft Visual Studio Solution File, Format Version 12.00
# Visual Studio 14
VisualStudioVersion = 14.0.25420.1
MinimumVisualStudioVersion = 10.0.40219.1
Project("{8BC9CEB8-8B4A-11D0-8D11-00A0C91BC942}") = "Simple", "Simple\Simple.vcxproj", "{C23C0444-0E9C-4315-84CF-B69E3B8FD03D}"
EndProject
Project("{8BC9CEB8-8B4A-11D0-8D11-00A0C91BC942}") = "App", "App\App.vcxproj", "{B18648F6-3502-440E-A4E9-AD3B84EF78A0}"
EndProject
Global
	GlobalSection(SolutionConfigurationPlatforms) = preSolution
		Debug|ARM = Debug|ARM
		Debug|ARM64 = Debug|ARM64
		Debug|x64 = Debug|x64
		Debug|x86 = Debug|x86
		Release|ARM = Release|ARM
		Release|ARM64 = Release|ARM64
		Release|x64 = Release|x64
		Release|x86 = Release|x86
	EndGlobalSection
	GlobalSection(ProjectConfigurationPlatforms) = postSolution
		{C23C0444-0E9C-4315-84CF-B69E3B8FD03D}.Debug|ARM.ActiveCfg = Debug|ARM
		{C23C0444-0E9C-4315-84CF-B69E3B8FD03D}.Debug|ARM.Build.0 = Debug|ARM
		{C23C0444-0E9C-4315-84CF-B69E3B8FD03D}.Debug|ARM.Deploy.0 = Debug|ARM
		{C23C0444-0E9C-4315-84CF-B69E3B8FD03D}.Debug|ARM64.ActiveCfg = Debug|ARM64
		{C23C0444-0E9C-4315-84CF-B69E3B8FD03D}.Debug|ARM64.Build.0 = Debug|ARM64
		{C23C0444-0E9C-4315-84CF-B69E3B8FD03D}.Debug|ARM64.Deploy.0 = Debug|ARM64
		{C23C0444-0E9C-4315-84CF-B69E3B8FD03D}.Debug|x64.ActiveCfg = Debug|x64
		{C23C0444-0E9C-4315-84CF-B69E3B8FD03D}.Debug|x64.Build.0 = Debug|x64
		{C23C0444-0E9C-4315-84CF-B69E3B8FD03D}.Debug|x64.Deploy.0 = Debug|x64
		{C23C0444-0E9C-4315-84CF-B69E3B8FD03D}.Debug|x86.ActiveCfg = Debug|Win32
		{C23C0444-0E9C-4315-84CF-B69E3B8FD03D}.Debug|x86.Build.0 = Debug|Win32
		{C23C0444-0E9C-4315-84CF-B69E3B8FD03D}.Debug|x86.Deploy.0 = Debug|Win32
		{C23C0444-0E9C-4315-84CF-B69E3B8FD03D}.Release|ARM.ActiveCfg = Release|ARM
		{C23C0444-0E9C-4315-84CF-B69E3B8FD03D}.Release|ARM.Build.0 = Release|ARM
		{C23C0444-0E9C-4315-84CF-B69E3B8FD03D}.Release|ARM.Deploy.0 = Release|ARM
		{C23C0444-0E9C-4315-84CF-B69E3B8FD03D}.Release|ARM64.ActiveCfg = Release|ARM64
		{C23C0444-0E9C-4315-84CF-B69E3B8FD03D}.Release|ARM64.Build.0 = Release|ARM64
		{C23C0444-0E9C-4315-84CF-B69E3B8FD03D}.Release|ARM64.Deploy.0 = Release|ARM64
		{C23C0444-0E9C-4315-84CF-B69E3B8FD03D}.Release|x64.ActiveCfg = Release|x64
		{C23C0444-0E9C-4315-84CF-B69E3B8FD03D}.Release|x64.Build.0 = Release|x64
		{C23C0444-0E9C-4315-84CF-B69E3B8FD03D}.Release|x64.Deploy.0 = Release|x64
		{C23C0444-0E9C-4315-84CF-B69E3B8FD03D}.Release|x86.ActiveCfg = Release|Win32
		{C23C0444-0E9C-4315-84CF-B69E3B8FD03D}.Release|x86.Build.0 = Release|Win32
		{C23C0444-0E9C-4315-84CF-B69E3B8FD03D}.Release|x86.Deploy.0 = Release|Win32
		{B18648F6-3502-440E-A4E9-AD3B84EF78A0}.Debug|ARM.ActiveCfg = Debug|Win32
		{B18648F6-3502-440E-A4E9-AD3B84EF78A0}.Debug|ARM64.ActiveCfg = Debug|Win32
		{B18648F6-3502-440E-A4E9-AD3B84EF78A0}.Debug|x64.ActiveCfg = Debug|x64
		{B18648F6-3502-440E-A4E9-AD3B84EF78A0}.Debug|x64.Build.0 = Debug|x64
		{B18648F6-3502-440E-A4E9-AD3B84EF78A0}.Debug|x86.ActiveCfg = Debug|Win32
		{B18648F6-3502-440E-A4E9-AD3B84EF78A0}.Debug|x86.Build.0 = Debug|Win32
		{B18648F6-3502-440E-A4E9-AD3B84EF78A0}.Release|ARM.ActiveCfg = Release|Win32
		{B18648F6-3502-440E-A4E9-AD3B84EF78A0}.Release|ARM64.ActiveCfg = Release|Win32
		{B18648F6-3502-440E-A4E9-AD3B84EF78A0}.Release|x64.ActiveCfg = Release|x64
		{B18648F6-3502-440E-A4E9-AD3B84EF78A0}.Release|x64.Build.0 = Release|x64
		{B18648F6-3502-440E-A4E9-AD3B84EF78A0}.Release|x86.ActiveCfg = Release|Win32
		{B18648F6-3502-440E-A4E9-AD3B84EF78A0}.Release|x86.Build.0 = Release|Win32
	EndGlobalSection
	GlobalSection(SolutionProperties) = preSolution
		HideSolutionNode = FALSE
	EndGlobalSection
EndGlobal
