
Microsoft Visual Studio Solution File, Format Version 12.00
# Visual Studio 14
VisualStudioVersion = 14.0.25420.1
MinimumVisualStudioVersion = 10.0.40219.1
Project("{8BC9CEB8-8B4A-11D0-8D11-00A0C91BC942}") = "SpbTestTool", "SpbTestTool\SpbTestTool.vcxproj", "{2DC4A51B-C37E-4A61-BCC6-265FAA4E2F83}"
EndProject
Project("{8BC9CEB8-8B4A-11D0-8D11-00A0C91BC942}") = "callexample", "callexample\callexample.vcxproj", "{A523706C-B8DC-4877-B0E1-FC7E44AF9EA4}"
EndProject
Global
	GlobalSection(SolutionConfigurationPlatforms) = preSolution
		Debug|ARM = Debug|ARM
		Debug|ARM64 = Debug|ARM64
		Debug|x64 = Debug|x64
		Debug|x86 = Debug|x86
		Release|ARM = Release|ARM
		Release|ARM64 = Release|ARM64
		Release|x64 = Release|x64
		Release|x86 = Release|x86
	EndGlobalSection
	GlobalSection(ProjectConfigurationPlatforms) = postSolution
		{2DC4A51B-C37E-4A61-BCC6-265FAA4E2F83}.Debug|ARM.ActiveCfg = Debug|ARM
		{2DC4A51B-C37E-4A61-BCC6-265FAA4E2F83}.Debug|ARM.Build.0 = Debug|ARM
		{2DC4A51B-C37E-4A61-BCC6-265FAA4E2F83}.Debug|ARM.Deploy.0 = Debug|ARM
		{2DC4A51B-C37E-4A61-BCC6-265FAA4E2F83}.Debug|ARM64.ActiveCfg = Debug|ARM64
		{2DC4A51B-C37E-4A61-BCC6-265FAA4E2F83}.Debug|ARM64.Build.0 = Debug|ARM64
		{2DC4A51B-C37E-4A61-BCC6-265FAA4E2F83}.Debug|ARM64.Deploy.0 = Debug|ARM64
		{2DC4A51B-C37E-4A61-BCC6-265FAA4E2F83}.Debug|x64.ActiveCfg = Debug|x64
		{2DC4A51B-C37E-4A61-BCC6-265FAA4E2F83}.Debug|x64.Build.0 = Debug|x64
		{2DC4A51B-C37E-4A61-BCC6-265FAA4E2F83}.Debug|x64.Deploy.0 = Debug|x64
		{2DC4A51B-C37E-4A61-BCC6-265FAA4E2F83}.Debug|x86.ActiveCfg = Debug|Win32
		{2DC4A51B-C37E-4A61-BCC6-265FAA4E2F83}.Debug|x86.Build.0 = Debug|Win32
		{2DC4A51B-C37E-4A61-BCC6-265FAA4E2F83}.Debug|x86.Deploy.0 = Debug|Win32
		{2DC4A51B-C37E-4A61-BCC6-265FAA4E2F83}.Release|ARM.ActiveCfg = Release|ARM
		{2DC4A51B-C37E-4A61-BCC6-265FAA4E2F83}.Release|ARM.Build.0 = Release|ARM
		{2DC4A51B-C37E-4A61-BCC6-265FAA4E2F83}.Release|ARM.Deploy.0 = Release|ARM
		{2DC4A51B-C37E-4A61-BCC6-265FAA4E2F83}.Release|ARM64.ActiveCfg = Release|ARM64
		{2DC4A51B-C37E-4A61-BCC6-265FAA4E2F83}.Release|ARM64.Build.0 = Release|ARM64
		{2DC4A51B-C37E-4A61-BCC6-265FAA4E2F83}.Release|ARM64.Deploy.0 = Release|ARM64
		{2DC4A51B-C37E-4A61-BCC6-265FAA4E2F83}.Release|x64.ActiveCfg = Release|x64
		{2DC4A51B-C37E-4A61-BCC6-265FAA4E2F83}.Release|x64.Build.0 = Release|x64
		{2DC4A51B-C37E-4A61-BCC6-265FAA4E2F83}.Release|x64.Deploy.0 = Release|x64
		{2DC4A51B-C37E-4A61-BCC6-265FAA4E2F83}.Release|x86.ActiveCfg = Release|Win32
		{2DC4A51B-C37E-4A61-BCC6-265FAA4E2F83}.Release|x86.Build.0 = Release|Win32
		{2DC4A51B-C37E-4A61-BCC6-265FAA4E2F83}.Release|x86.Deploy.0 = Release|Win32
		{A523706C-B8DC-4877-B0E1-FC7E44AF9EA4}.Debug|ARM.ActiveCfg = Debug|Win32
		{A523706C-B8DC-4877-B0E1-FC7E44AF9EA4}.Debug|ARM64.ActiveCfg = Debug|Win32
		{A523706C-B8DC-4877-B0E1-FC7E44AF9EA4}.Debug|x64.ActiveCfg = Debug|x64
		{A523706C-B8DC-4877-B0E1-FC7E44AF9EA4}.Debug|x64.Build.0 = Debug|x64
		{A523706C-B8DC-4877-B0E1-FC7E44AF9EA4}.Debug|x86.ActiveCfg = Debug|Win32
		{A523706C-B8DC-4877-B0E1-FC7E44AF9EA4}.Debug|x86.Build.0 = Debug|Win32
		{A523706C-B8DC-4877-B0E1-FC7E44AF9EA4}.Release|ARM.ActiveCfg = Release|Win32
		{A523706C-B8DC-4877-B0E1-FC7E44AF9EA4}.Release|ARM64.ActiveCfg = Release|Win32
		{A523706C-B8DC-4877-B0E1-FC7E44AF9EA4}.Release|x64.ActiveCfg = Release|x64
		{A523706C-B8DC-4877-B0E1-FC7E44AF9EA4}.Release|x64.Build.0 = Release|x64
		{A523706C-B8DC-4877-B0E1-FC7E44AF9EA4}.Release|x86.ActiveCfg = Release|Win32
		{A523706C-B8DC-4877-B0E1-FC7E44AF9EA4}.Release|x86.Build.0 = Release|Win32
	EndGlobalSection
	GlobalSection(SolutionProperties) = preSolution
		HideSolutionNode = FALSE
	EndGlobalSection
EndGlobal
